
Microsoft Visual Studio Solution File, Format Version 12.00
# Visual Studio Version 17
VisualStudioVersion = 17.3.32611.2
MinimumVisualStudioVersion = 10.0.40219.1
Project("{FAE04EC0-301F-11D3-BF4B-00C04F79EFBC}") = "NeonStream", "NeonStream.csproj", "{4A9DA934-B38D-4579-9444-ADA356156093}"
EndProject
Global
	GlobalSection(SolutionConfigurationPlatforms) = preSolution
		Debug|Any CPU = Debug|Any CPU
		Release|Any CPU = Release|Any CPU
	EndGlobalSection
	GlobalSection(ProjectConfigurationPlatforms) = postSolution
		{4A9DA934-B38D-4579-9444-ADA356156093}.Debug|Any CPU.ActiveCfg = Debug|Any CPU
		{4A9DA934-B38D-4579-9444-ADA356156093}.Debug|Any CPU.Build.0 = Debug|Any CPU
		{4A9DA934-B38D-4579-9444-ADA356156093}.Release|Any CPU.ActiveCfg = Release|Any CPU
		{4A9DA934-B38D-4579-9444-ADA356156093}.Release|Any CPU.Build.0 = Release|Any CPU
	EndGlobalSection
	GlobalSection(SolutionProperties) = preSolution
		HideSolutionNode = FALSE
	EndGlobalSection
	GlobalSection(ExtensibilityGlobals) = postSolution
		SolutionGuid = {380FD04F-7AA8-47FA-9D34-AEBE0E1B598A}
	EndGlobalSection
EndGlobal
